schema_version: 1
protocol_id: support_estimator_final
status: locked_before_final_outcomes
created_at: '2026-08-04T18:00:00+03:00'
evidence_class: replication
purpose: Independently evaluate the preselected support estimators and quantify when
  support predicts memory-branch usefulness. The design retains null, negative, and
  contradictory results and prohibits outcome-dependent stopping.
prerequisites:
  selected_estimators: results/diagnostic_extensions/support_development/selected_estimators.yaml
  selected_estimators_sha256: d60c200ac3455408f8d44e1fec1f0d24828e34bbe7eabcc2a2df7d1035ea701e
  selection_report: results/diagnostic_extensions/support_development/selected_estimators.yaml
  shift_protocol: configs/diagnostic_extensions/INDEPENDENT_SHIFT_PROTOCOL.yaml
  shift_severity_selection: configs/diagnostic_extensions/selected_shift_severities.yaml
  shift_severity_selection_sha256: 4e4beb31f736909f6708bde694f070c560034281621211eb09d75277ae8409a7
  final_seed_registry: configs/diagnostic_extensions/seed_registry.yaml
  final_seed_registry_key: support_estimator_final
  final_seed_results_seen_before_lock: false
  shift_protocol_sha256: b3babaf56ac3325c5d252827a97140c80244e7bf0f5a7bdb9a172a3df4c7003e
matched_budget:
  training_interactions_per_agent_seed: 16000
  checkpoint_first: 1000
  checkpoint_last: 16000
  checkpoint_interval: 1000
  expected_checkpoint_count: 16
  evaluation_episodes_per_checkpoint: 20
  torch_threads: 1
  torch_interop_threads: 1
  workers: 6
  no_early_stopping: true
  exclusion_rule: no_seed_exclusion_after_execution; only_corrupt_or_incomplete_run_may_be_rerun_with_same_seed
environments:
- environment_key: application_goal_shift
  environment_name: support-final-application-goal-shift
  environment_id: ApplicationNavigationSupportShift-v0
  mechanism_class: application_goal_shift
  seeds:
  - 14000
  - 14001
  - 14002
  - 14003
  - 14004
  - 14005
  - 14006
  - 14007
  - 14008
  - 14009
  - 14010
  - 14011
  - 14012
  - 14013
  - 14014
  - 14015
  - 14016
  - 14017
  - 14018
  - 14019
  - 14020
  - 14021
  - 14022
  - 14023
  - 14024
  - 14025
  - 14026
  - 14027
  - 14028
  - 14029
  kwargs:
    goal_split: train
    slip_probability: 0.05
    max_steps: 120
  eval_kwargs:
    goal_split: deployment
  max_steps: 120
  success_mode: positive_terminal
  primary_window_first: 1000
  primary_window_last: 16000
  calibration_action_correctness: not_available_no_analytic_optimal_action
- environment_key: independent_observation_shift
  environment_name: support-final-observation-shift
  environment_id: ObservationShift-v0
  mechanism_class: locked_independent_observation_shift
  severity_id: observation_gain_085
  seeds:
  - 14030
  - 14031
  - 14032
  - 14033
  - 14034
  - 14035
  - 14036
  - 14037
  - 14038
  - 14039
  - 14040
  - 14041
  - 14042
  - 14043
  - 14044
  - 14045
  - 14046
  - 14047
  - 14048
  - 14049
  - 14050
  - 14051
  - 14052
  - 14053
  - 14054
  - 14055
  - 14056
  - 14057
  - 14058
  - 14059
  kwargs:
    size: 9
    goal_split: all
    max_steps: 160
    shift_after: 12000
    slip_probability: 0.1
    pre_shift_sensor_gain: 1.0
    post_shift_sensor_gain: 0.85
  max_steps: 160
  success_mode: positive_terminal
  primary_window_first: 12000
  primary_window_last: 16000
  calibration_action_correctness: available_analytic_shortest_path_action
- environment_key: independent_transition_dynamics_shift
  environment_name: support-final-transition-dynamics-shift
  environment_id: TransitionDynamicsShift-v0
  mechanism_class: locked_independent_transition_dynamics_shift
  severity_id: transition_slip_035
  seeds:
  - 14060
  - 14061
  - 14062
  - 14063
  - 14064
  - 14065
  - 14066
  - 14067
  - 14068
  - 14069
  - 14070
  - 14071
  - 14072
  - 14073
  - 14074
  - 14075
  - 14076
  - 14077
  - 14078
  - 14079
  - 14080
  - 14081
  - 14082
  - 14083
  - 14084
  - 14085
  - 14086
  - 14087
  - 14088
  - 14089
  kwargs:
    size: 9
    goal_split: all
    max_steps: 160
    shift_after: 12000
    pre_shift_slip_probability: 0.05
    post_shift_slip_probability: 0.35
  max_steps: 160
  success_mode: positive_terminal
  primary_window_first: 12000
  primary_window_last: 16000
  calibration_action_correctness: available_analytic_shortest_path_action
agents:
- agent_id: tabular
  kind: tabular
  evidence_role: reference
  params:
    tabular_learning_rate: 0.2
    epsilon_decay_steps: 16000
- agent_id: dqn
  kind: dqn
  evidence_role: reference
  params:
    double_dqn: false
    learning_rate: 0.0003
    batch_size: 32
    replay_capacity: 100000
    replay_warmup: 512
    train_frequency: 16
    target_update_interval: 500
    hidden_size: 128
    epsilon_decay_steps: 16000
- agent_id: exact_count_gate
  kind: support_estimator_gate
  evidence_role: executed_exact_count
  params:
    double_dqn: false
    learning_rate: 0.0003
    batch_size: 32
    replay_capacity: 100000
    replay_warmup: 512
    train_frequency: 16
    target_update_interval: 500
    hidden_size: 128
    epsilon_decay_steps: 16000
    tabular_learning_rate: 0.2
    approximate_support_k: 1
    approximate_support_bandwidth: 1.0
    approximate_support_tau: 20.0
    support_estimator_type: exact_count
    support_representation_type: raw_state
    support_index_type: brute_force
    support_covariance_regularization: 0.0001
- agent_id: tolerance_knn_executed
  kind: support_estimator_gate
  evidence_role: executed_tolerance_knn
  source_config: configs/approx_support/knn_support_30seed.yaml
  params:
    double_dqn: false
    learning_rate: 0.0003
    batch_size: 32
    replay_capacity: 100000
    replay_warmup: 512
    train_frequency: 16
    target_update_interval: 500
    hidden_size: 128
    epsilon_decay_steps: 16000
    tabular_learning_rate: 0.2
    approximate_support_k: 5
    approximate_support_bandwidth: 0.18
    approximate_support_tau: 2.0
    support_estimator_type: tolerance_knn
    support_representation_type: raw_state
    support_index_type: brute_force
    support_covariance_regularization: 0.0001
- agent_id: gaussian_affinity_executed
  kind: support_estimator_gate
  evidence_role: executed_gaussian_feature_distance
  source_config: configs/approx_support/feature_distance_support_30seed.yaml
  params:
    double_dqn: false
    learning_rate: 0.0003
    batch_size: 32
    replay_capacity: 100000
    replay_warmup: 512
    train_frequency: 16
    target_update_interval: 500
    hidden_size: 128
    epsilon_decay_steps: 16000
    tabular_learning_rate: 0.2
    approximate_support_k: 5
    approximate_support_bandwidth: 0.25
    approximate_support_tau: 2.0
    support_estimator_type: gaussian_affinity
    support_representation_type: raw_state
    support_index_type: brute_force
    support_covariance_regularization: 0.0001
- agent_id: raw_normalized_s1
  kind: support_estimator_gate
  evidence_role: overall_development_selection
  selected_candidate_id: raw_normalized_s1
  params:
    double_dqn: false
    learning_rate: 0.0003
    batch_size: 32
    replay_capacity: 100000
    replay_warmup: 512
    train_frequency: 16
    target_update_interval: 500
    hidden_size: 128
    epsilon_decay_steps: 16000
    tabular_learning_rate: 0.2
    approximate_support_k: 3
    approximate_support_bandwidth: 0.25
    approximate_support_tau: 1.0
    support_estimator_type: gaussian_affinity
    support_representation_type: raw_state
    support_index_type: brute_force
    support_covariance_regularization: 0.0001
- agent_id: mahalanobis_s1
  kind: support_estimator_gate
  evidence_role: selected_zscore_or_mahalanobis
  selection_basis: lower_locked_development_rank_than_zscore_s2
  selected_candidate_id: mahalanobis_s1
  params:
    double_dqn: false
    learning_rate: 0.0003
    batch_size: 32
    replay_capacity: 100000
    replay_warmup: 512
    train_frequency: 16
    target_update_interval: 500
    hidden_size: 128
    epsilon_decay_steps: 16000
    tabular_learning_rate: 0.2
    approximate_support_k: 3
    approximate_support_bandwidth: 0.25
    approximate_support_tau: 1.0
    support_estimator_type: regularized_mahalanobis
    support_representation_type: raw_state
    support_index_type: brute_force
    support_covariance_regularization: 0.0001
- agent_id: frozen_embedding_s1
  kind: support_estimator_gate
  evidence_role: selected_frozen_embedding
  selected_candidate_id: frozen_embedding_s1
  params:
    double_dqn: false
    learning_rate: 0.0003
    batch_size: 32
    replay_capacity: 100000
    replay_warmup: 512
    train_frequency: 16
    target_update_interval: 500
    hidden_size: 128
    epsilon_decay_steps: 16000
    tabular_learning_rate: 0.2
    approximate_support_k: 3
    approximate_support_bandwidth: 0.25
    approximate_support_tau: 1.0
    support_estimator_type: gaussian_affinity
    support_representation_type: frozen_dqn_penultimate
    support_embedding_freeze_step: 4000
    support_index_type: brute_force
    support_covariance_regularization: 0.0001
- agent_id: gaussian_density_s3
  kind: support_estimator_gate
  evidence_role: selected_gaussian_density
  selected_candidate_id: gaussian_density_s3
  params:
    double_dqn: false
    learning_rate: 0.0003
    batch_size: 32
    replay_capacity: 100000
    replay_warmup: 512
    train_frequency: 16
    target_update_interval: 500
    hidden_size: 128
    epsilon_decay_steps: 16000
    tabular_learning_rate: 0.2
    approximate_support_k: 7
    approximate_support_bandwidth: 1.0
    approximate_support_tau: 8.0
    support_estimator_type: regularized_gaussian_density
    support_representation_type: raw_state
    support_index_type: brute_force
    support_covariance_regularization: 0.01
primary_metric:
  name: normalized_return_auc
  direction: higher_is_better
  definition: Per seed, average finite evaluation return at each checkpoint in the
    environment-specific locked primary window, integrate by the trapezoidal rule,
    and divide by the checkpoint-axis width.
planned_contrasts:
- name: raw_normalized_s1_vs_exact_count_gate
  left: raw_normalized_s1
  right: exact_count_gate
  status: primary_replication
- name: tolerance_knn_executed_vs_exact_count_gate
  left: tolerance_knn_executed
  right: exact_count_gate
  status: secondary_replication
- name: gaussian_affinity_executed_vs_exact_count_gate
  left: gaussian_affinity_executed
  right: exact_count_gate
  status: secondary_replication
- name: mahalanobis_s1_vs_exact_count_gate
  left: mahalanobis_s1
  right: exact_count_gate
  status: secondary_replication
- name: frozen_embedding_s1_vs_exact_count_gate
  left: frozen_embedding_s1
  right: exact_count_gate
  status: secondary_replication
- name: gaussian_density_s3_vs_exact_count_gate
  left: gaussian_density_s3
  right: exact_count_gate
  status: secondary_replication
- name: raw_normalized_s1_vs_gaussian_affinity_executed
  left: raw_normalized_s1
  right: gaussian_affinity_executed
  status: secondary_replication
- name: mahalanobis_s1_vs_raw_normalized_s1
  left: mahalanobis_s1
  right: raw_normalized_s1
  status: secondary_replication
- name: frozen_embedding_s1_vs_raw_normalized_s1
  left: frozen_embedding_s1
  right: raw_normalized_s1
  status: secondary_replication
- name: gaussian_density_s3_vs_raw_normalized_s1
  left: gaussian_density_s3
  right: raw_normalized_s1
  status: secondary_replication
- name: raw_normalized_s1_vs_tabular
  left: raw_normalized_s1
  right: tabular
  status: reference_replication
- name: raw_normalized_s1_vs_dqn
  left: raw_normalized_s1
  right: dqn
  status: reference_replication
multiplicity:
  report_family_template: support_final.{environment_key}
  report_holm_scope: all_12_planned_contrasts_within_environment
  global_sensitivity_scope: three_primary_replication_rows_across_environments
  global_sensitivity_does_not_replace_report_holm: true
calibration:
  evidence_unit: evaluation_episode
  predictor: mean_support_score_across_episode_decisions
  action_correctness_rate_target: mean_memory_branch_action_correctness_across_steps_with_unique_analytic_optimal_action
  action_binary_target: episode_memory_majority_correct=1 when the episode action-correctness
    rate is above 0.5 and 0 when below 0.5; exact 0.5 ties are excluded from AUROC
    and PR-AUC but retained in rate calibration bins.
  failure_binary_target: episode_failure
  failure_prediction_score: one_minus_mean_support_score
  calibration_bins: 10_equal_width_bins_on_support_score
  selective_coverages:
  - 0.1
  - 0.25
  - 0.5
  - 0.75
  - 1.0
  bootstrap: 2000_seed_cluster_resamples_95_percentile_interval
  value_error_target: tabular_q_rmse_minus_neural_q_rmse_when_analytic_true_action_values_exist
  unavailable_policy: report_not_available_never_synthesize
tail_risk:
  primary_alpha: 0.1
  sensitivity_alpha: 0.05
  definition: arithmetic_mean_of_lowest_max_1_ceil_alpha_times_n_finite_values
  seed_level_and_episode_level_must_be_labeled_separately: true
